
Microsoft Visual Studio Solution File, Format Version 12.00
# Visual Studio Version 17
VisualStudioVersion = 17.2.32630.192
MinimumVisualStudioVersion = 10.0.40219.1
Project("{FAE04EC0-301F-11D3-BF4B-00C04F79EFBC}") = "Calculator", "Calculator\Calculator.csproj", "{08744CFE-D4AC-4224-B631-2ECBB871817B}"
EndProject
Project("{FAE04EC0-301F-11D3-BF4B-00C04F79EFBC}") = "CalculatorTester", "CalculatorTester\CalculatorTester.csproj", "{A5745597-1178-4E32-BF3A-7FD9656D9B65}"
EndProject
Project("{00D1A9C2-B5F0-4AF3-8072-F6C62B433612}") = "DbTest", "DbTest\DbTest.sqlproj", "{541D1C3B-12E2-41FF-9051-970C6871B7F2}"
EndProject
Project("{FAE04EC0-301F-11D3-BF4B-00C04F79EFBC}") = "BookstoreDbTester", "BookstoreDbTester\BookstoreDbTester.csproj", "{6D137D90-2B58-4FF4-82AE-22D32840077D}"
EndProject
Global
	GlobalSection(SolutionConfigurationPlatforms) = preSolution
		Debug|Any CPU = Debug|Any CPU
		Release|Any CPU = Release|Any CPU
	EndGlobalSection
	GlobalSection(ProjectConfigurationPlatforms) = postSolution
		{08744CFE-D4AC-4224-B631-2ECBB871817B}.Debug|Any CPU.ActiveCfg = Debug|Any CPU
		{08744CFE-D4AC-4224-B631-2ECBB871817B}.Debug|Any CPU.Build.0 = Debug|Any CPU
		{08744CFE-D4AC-4224-B631-2ECBB871817B}.Release|Any CPU.ActiveCfg = Release|Any CPU
		{08744CFE-D4AC-4224-B631-2ECBB871817B}.Release|Any CPU.Build.0 = Release|Any CPU
		{A5745597-1178-4E32-BF3A-7FD9656D9B65}.Debug|Any CPU.ActiveCfg = Debug|Any CPU
		{A5745597-1178-4E32-BF3A-7FD9656D9B65}.Debug|Any CPU.Build.0 = Debug|Any CPU
		{A5745597-1178-4E32-BF3A-7FD9656D9B65}.Release|Any CPU.ActiveCfg = Release|Any CPU
		{A5745597-1178-4E32-BF3A-7FD9656D9B65}.Release|Any CPU.Build.0 = Release|Any CPU
		{541D1C3B-12E2-41FF-9051-970C6871B7F2}.Debug|Any CPU.ActiveCfg = Debug|Any CPU
		{541D1C3B-12E2-41FF-9051-970C6871B7F2}.Debug|Any CPU.Build.0 = Debug|Any CPU
		{541D1C3B-12E2-41FF-9051-970C6871B7F2}.Debug|Any CPU.Deploy.0 = Debug|Any CPU
		{541D1C3B-12E2-41FF-9051-970C6871B7F2}.Release|Any CPU.ActiveCfg = Release|Any CPU
		{541D1C3B-12E2-41FF-9051-970C6871B7F2}.Release|Any CPU.Build.0 = Release|Any CPU
		{541D1C3B-12E2-41FF-9051-970C6871B7F2}.Release|Any CPU.Deploy.0 = Release|Any CPU
		{6D137D90-2B58-4FF4-82AE-22D32840077D}.Debug|Any CPU.ActiveCfg = Debug|Any CPU
		{6D137D90-2B58-4FF4-82AE-22D32840077D}.Debug|Any CPU.Build.0 = Debug|Any CPU
		{6D137D90-2B58-4FF4-82AE-22D32840077D}.Release|Any CPU.ActiveCfg = Release|Any CPU
		{6D137D90-2B58-4FF4-82AE-22D32840077D}.Release|Any CPU.Build.0 = Release|Any CPU
	EndGlobalSection
	GlobalSection(SolutionProperties) = preSolution
		HideSolutionNode = FALSE
	EndGlobalSection
	GlobalSection(ExtensibilityGlobals) = postSolution
		SolutionGuid = {A1A3BF07-E4C1-46F7-BE73-6D0AC2A50D0F}
	EndGlobalSection
EndGlobal
